// !$*UTF8*$!
{
	archiveVersion = 1;
	classes = {
	};
	objectVersion = 77;
	objects = {

/* Begin PBXContainerItemProxy section */
		133BABCB2DA071CB007EB1DD /* PBXContainerItemProxy */ = {
			isa = PBXContainerItemProxy;
			containerPortal = 133BABB52DA071C9007EB1DD /* Project object */;
			proxyType = 1;
			remoteGlobalIDString = 133BABBC2DA071C9007EB1DD;
			remoteInfo = CalendarAssistant;
		};
		133BABD52DA071CB007EB1DD /* PBXContainerItemProxy */ = {
			isa = PBXContainerItemProxy;
			containerPortal = 133BABB52DA071C9007EB1DD /* Project object */;
			proxyType = 1;
			remoteGlobalIDString = 133BABBC2DA071C9007EB1DD;
			remoteInfo = CalendarAssistant;
		};
/* End PBXContainerItemProxy section */

/* Begin PBXFileReference section */
		133BABBD2DA071C9007EB1DD /* CalendarAssistant.app */ = {isa = PBXFileReference; explicitFileType = wrapper.application; includeInIndex = 0; path = CalendarAssistant.app; sourceTree = BUILT_PRODUCTS_DIR; };
		133BABCA2DA071CB007EB1DD /* CalendarAssistantTests.xctest */ = {isa = PBXFileReference; explicitFileType = wrapper.cfbundle; includeInIndex = 0; path = CalendarAssistantTests.xctest; sourceTree = BUILT_PRODUCTS_DIR; };
		133BABD42DA071CB007EB1DD /* CalendarAssistantUITests.xctest */ = {isa = PBXFileReference; explicitFileType = wrapper.cfbundle; includeInIndex = 0; path = CalendarAssistantUITests.xctest; sourceTree = BUILT_PRODUCTS_DIR; };
/* End PBXFileReference section */

/* Begin PBXFileSystemSynchronizedRootGroup section */
		133BABBF2DA071C9007EB1DD /* CalendarAssistant */ = {
			isa = PBXFileSystemSynchronizedRootGroup;
			path = CalendarAssistant;
			sourceTree = "<group>";
		};
		133BABCD2DA071CB007EB1DD /* CalendarAssistantTests */ = {
			isa = PBXFileSystemSynchronizedRootGroup;
			path = CalendarAssistantTests;
			sourceTree = "<group>";
		};
		133BABD72DA071CB007EB1DD /* CalendarAssistantUITests */ = {
			isa = PBXFileSystemSynchronizedRootGroup;
			path = CalendarAssistantUITests;
			sourceTree = "<group>";
		};
/* End PBXFileSystemSynchronizedRootGroup section */

/* Begin PBXFrameworksBuildPhase section */
		133BABBA2DA071C9007EB1DD /* Frameworks */ = {
			isa = PBXFrameworksBuildPhase;
			buildActionMask = 2147483647;
			files = (
			);
			runOnlyForDeploymentPostprocessing = 0;
		};
		133BABC72DA071CB007EB1DD /* Frameworks */ = {
			isa = PBXFrameworksBuildPhase;
			buildActionMask = 2147483647;
			files = (
			);
			runOnlyForDeploymentPostprocessing = 0;
		};
		133BABD12DA071CB007EB1DD /* Frameworks */ = {
			isa = PBXFrameworksBuildPhase;
			buildActionMask = 2147483647;
			files = (
			);
			runOnlyForDeploymentPostprocessing = 0;
		};
/* End PBXFrameworksBuildPhase section */

/* Begin PBXGroup section */
		133BABB42DA071C9007EB1DD = {
			isa = PBXGroup;
			children = (
				133BABBF2DA071C9007EB1DD /* CalendarAssistant */,
				133BABCD2DA071CB007EB1DD /* CalendarAssistantTests */,
				133BABD72DA071CB007EB1DD /* CalendarAssistantUITests */,
				133BABBE2DA071C9007EB1DD /* Products */,
			);
			sourceTree = "<group>";
		};
		133BABBE2DA071C9007EB1DD /* Products */ = {
			isa = PBXGroup;
			children = (
				133BABBD2DA071C9007EB1DD /* CalendarAssistant.app */,
				133BABCA2DA071CB007EB1DD /* CalendarAssistantTests.xctest */,
				133BABD42DA071CB007EB1DD /* CalendarAssistantUITests.xctest */,
			);
			name = Products;
			sourceTree = "<group>";
		};
/* End PBXGroup section */

/* Begin PBXNativeTarget section */
		133BABBC2DA071C9007EB1DD /* CalendarAssistant */ = {
			isa = PBXNativeTarget;
			buildConfigurationList = 133BABDE2DA071CB007EB1DD /* Build configuration list for PBXNativeTarget "CalendarAssistant" */;
			buildPhases = (
				133BABB92DA071C9007EB1DD /* Sources */,
				133BABBA2DA071C9007EB1DD /* Frameworks */,
				133BABBB2DA071C9007EB1DD /* Resources */,
			);
			buildRules = (
			);
			dependencies = (
			);
			fileSystemSynchronizedGroups = (
				133BABBF2DA071C9007EB1DD /* CalendarAssistant */,
			);
			name = CalendarAssistant;
			packageProductDependencies = (
			);
			productName = CalendarAssistant;
			productReference = 133BABBD2DA071C9007EB1DD /* CalendarAssistant.app */;
			productType = "com.apple.product-type.application";
		};
		133BABC92DA071CB007EB1DD /* CalendarAssistantTests */ = {
			isa = PBXNativeTarget;
			buildConfigurationList = 133BABE12DA071CB007EB1DD /* Build configuration list for PBXNativeTarget "CalendarAssistantTests" */;
			buildPhases = (
				133BABC62DA071CB007EB1DD /* Sources */,
				133BABC72DA071CB007EB1DD /* Frameworks */,
				133BABC82DA071CB007EB1DD /* Resources */,
			);
			buildRules = (
			);
			dependencies = (
				133BABCC2DA071CB007EB1DD /* PBXTargetDependency */,
			);
			fileSystemSynchronizedGroups = (
				133BABCD2DA071CB007EB1DD /* CalendarAssistantTests */,
			);
			name = CalendarAssistantTests;
			packageProductDependencies = (
			);
			productName = CalendarAssistantTests;
			productReference = 133BABCA2DA071CB007EB1DD /* CalendarAssistantTests.xctest */;
			productType = "com.apple.product-type.bundle.unit-test";
		};
		133BABD32DA071CB007EB1DD /* CalendarAssistantUITests */ = {
			isa = PBXNativeTarget;
			buildConfigurationList = 133BABE42DA071CB007EB1DD /* Build configuration list for PBXNativeTarget "CalendarAssistantUITests" */;
			buildPhases = (
				133BABD02DA071CB007EB1DD /* Sources */,
				133BABD12DA071CB007EB1DD /* Frameworks */,
				133BABD22DA071CB007EB1DD /* Resources */,
			);
			buildRules = (
			);
			dependencies = (
				133BABD62DA071CB007EB1DD /* PBXTargetDependency */,
			);
			fileSystemSynchronizedGroups = (
				133BABD72DA071CB007EB1DD /* CalendarAssistantUITests */,
			);
			name = CalendarAssistantUITests;
			packageProductDependencies = (
			);
			productName = CalendarAssistantUITests;
			productReference = 133BABD42DA071CB007EB1DD /* CalendarAssistantUITests.xctest */;
			productType = "com.apple.product-type.bundle.ui-testing";
		};
/* End PBXNativeTarget section */

/* Begin PBXProject section */
		133BABB52DA071C9007EB1DD /* Project object */ = {
			isa = PBXProject;
			attributes = {
				BuildIndependentTargetsInParallel = 1;
				LastSwiftUpdateCheck = 1630;
				LastUpgradeCheck = 1630;
				TargetAttributes = {
					133BABBC2DA071C9007EB1DD = {
						CreatedOnToolsVersion = 16.3;
					};
					133BABC92DA071CB007EB1DD = {
						CreatedOnToolsVersion = 16.3;
						TestTargetID = 133BABBC2DA071C9007EB1DD;
					};
					133BABD32DA071CB007EB1DD = {
						CreatedOnToolsVersion = 16.3;
						TestTargetID = 133BABBC2DA071C9007EB1DD;
					};
				};
			};
			buildConfigurationList = 133BABB82DA071C9007EB1DD /* Build configuration list for PBXProject "CalendarAssistant" */;
			developmentRegion = en;
			hasScannedForEncodings = 0;
			knownRegions = (
				en,
				Base,
			);
			mainGroup = 133BABB42DA071C9007EB1DD;
			minimizedProjectReferenceProxies = 1;
			preferredProjectObjectVersion = 77;
			productRefGroup = 133BABBE2DA071C9007EB1DD /* Products */;
			projectDirPath = "";
			projectRoot = "";
			targets = (
				133BABBC2DA071C9007EB1DD /* CalendarAssistant */,
				133BABC92DA071CB007EB1DD /* CalendarAssistantTests */,
				133BABD32DA071CB007EB1DD /* CalendarAssistantUITests */,
			);
		};
/* End PBXProject section */

/* Begin PBXResourcesBuildPhase section */
		133BABBB2DA071C9007EB1DD /* Resources */ = {
			isa = PBXResourcesBuildPhase;
			buildActionMask = 2147483647;
			files = (
			);
			runOnlyForDeploymentPostprocessing = 0;
		};
		133BABC82DA071CB007EB1DD /* Resources */ = {
			isa = PBXResourcesBuildPhase;
			buildActionMask = 2147483647;
			files = (
			);
			runOnlyForDeploymentPostprocessing = 0;
		};
		133BABD22DA071CB007EB1DD /* Resources */ = {
			isa = PBXResourcesBuildPhase;
			buildActionMask = 2147483647;
			files = (
			);
			runOnlyForDeploymentPostprocessing = 0;
		};
/* End PBXResourcesBuildPhase section */

/* Begin PBXSourcesBuildPhase section */
		133BABB92DA071C9007EB1DD /* Sources */ = {
			isa = PBXSourcesBuildPhase;
			buildActionMask = 2147483647;
			files = (
			);
			runOnlyForDeploymentPostprocessing = 0;
		};
		133BABC62DA071CB007EB1DD /* Sources */ = {
			isa = PBXSourcesBuildPhase;
			buildActionMask = 2147483647;
			files = (
			);
			runOnlyForDeploymentPostprocessing = 0;
		};
		133BABD02DA071CB007EB1DD /* Sources */ = {
			isa = PBXSourcesBuildPhase;
			buildActionMask = 2147483647;
			files = (
			);
			runOnlyForDeploymentPostprocessing = 0;
		};
/* End PBXSourcesBuildPhase section */

/* Begin PBXTargetDependency section */
		133BABCC2DA071CB007EB1DD /* PBXTargetDependency */ = {
			isa = PBXTargetDependency;
			target = 133BABBC2DA071C9007EB1DD /* CalendarAssistant */;
			targetProxy = 133BABCB2DA071CB007EB1DD /* PBXContainerItemProxy */;
		};
		133BABD62DA071CB007EB1DD /* PBXTargetDependency */ = {
			isa = PBXTargetDependency;
			target = 133BABBC2DA071C9007EB1DD /* CalendarAssistant */;
			targetProxy = 133BABD52DA071CB007EB1DD /* PBXContainerItemProxy */;
		};
/* End PBXTargetDependency section */

/* Begin XCBuildConfiguration section */
		133BABDC2DA071CB007EB1DD /* Debug */ = {
			isa = XCBuildConfiguration;
			buildSettings = {
				ALWAYS_SEARCH_USER_PATHS = NO;
				ASSETCATALOG_COMPILER_GENERATE_SWIFT_ASSET_SYMBOL_EXTENSIONS = YES;
				CLANG_ANALYZER_NONNULL = YES;
				CLANG_ANALYZER_NUMBER_OBJECT_CONVERSION = YES_AGGRESSIVE;
				CLANG_CXX_LANGUAGE_STANDARD = "gnu++20";
				CLANG_ENABLE_MODULES = YES;
				CLANG_ENABLE_OBJC_ARC = YES;
				CLANG_ENABLE_OBJC_WEAK = YES;
				CLANG_WARN_BLOCK_CAPTURE_AUTORELEASING = YES;
				CLANG_WARN_BOOL_CONVERSION = YES;
				CLANG_WARN_COMMA = YES;
				CLANG_WARN_CONSTANT_CONVERSION = YES;
				CLANG_WARN_DEPRECATED_OBJC_IMPLEMENTATIONS = YES;
				CLANG_WARN_DIRECT_OBJC_ISA_USAGE = YES_ERROR;
				CLANG_WARN_DOCUMENTATION_COMMENTS = YES;
				CLANG_WARN_EMPTY_BODY = YES;
				CLANG_WARN_ENUM_CONVERSION = YES;
				CLANG_WARN_INFINITE_RECURSION = YES;
				CLANG_WARN_INT_CONVERSION = YES;
				CLANG_WARN_NON_LITERAL_NULL_CONVERSION = YES;
				CLANG_WARN_OBJC_IMPLICIT_RETAIN_SELF = YES;
				CLANG_WARN_OBJC_LITERAL_CONVERSION = YES;
				CLANG_WARN_OBJC_ROOT_CLASS = YES_ERROR;
				CLANG_WARN_QUOTED_INCLUDE_IN_FRAMEWORK_HEADER = YES;
				CLANG_WARN_RANGE_LOOP_ANALYSIS = YES;
				CLANG_WARN_STRICT_PROTOTYPES = YES;
				CLANG_WARN_SUSPICIOUS_MOVE = YES;
				CLANG_WARN_UNGUARDED_AVAILABILITY = YES_AGGRESSIVE;
				CLANG_WARN_UNREACHABLE_CODE = YES;
				CLANG_WARN__DUPLICATE_METHOD_MATCH = YES;
				COPY_PHASE_STRIP = NO;
				DEBUG_INFORMATION_FORMAT = dwarf;
				ENABLE_STRICT_OBJC_MSGSEND = YES;
				ENABLE_TESTABILITY = YES;
				ENABLE_USER_SCRIPT_SANDBOXING = YES;
				GCC_C_LANGUAGE_STANDARD = gnu17;
				GCC_DYNAMIC_NO_PIC = NO;
				GCC_NO_COMMON_BLOCKS = YES;
				GCC_OPTIMIZATION_LEVEL = 0;
				GCC_PREPROCESSOR_DEFINITIONS = (
					"DEBUG=1",
					"$(inherited)",
				);
				GCC_WARN_64_TO_32_BIT_CONVERSION = YES;
				GCC_WARN_ABOUT_RETURN_TYPE = YES_ERROR;
				GCC_WARN_UNDECLARED_SELECTOR = YES;
				GCC_WARN_UNINITIALIZED_AUTOS = YES_AGGRESSIVE;
				GCC_WARN_UNUSED_FUNCTION = YES;
				GCC_WARN_UNUSED_VARIABLE = YES;
				IPHONEOS_DEPLOYMENT_TARGET = 18.4;
				LOCALIZATION_PREFERS_STRING_CATALOGS = YES;
				MTL_ENABLE_DEBUG_INFO = INCLUDE_SOURCE;
				MTL_FAST_MATH = YES;
				ONLY_ACTIVE_ARCH = YES;
				SDKROOT = iphoneos;
				SWIFT_ACTIVE_COMPILATION_CONDITIONS = "DEBUG $(inherited)";
				SWIFT_OPTIMIZATION_LEVEL = "-Onone";
			};
			name = Debug;
		};
		133BABDD2DA071CB007EB1DD /* Release */ = {
			isa = XCBuildConfiguration;
			buildSettings = {
				ALWAYS_SEARCH_USER_PATHS = NO;
				ASSETCATALOG_COMPILER_GENERATE_SWIFT_ASSET_SYMBOL_EXTENSIONS = YES;
				CLANG_ANALYZER_NONNULL = YES;
				CLANG_ANALYZER_NUMBER_OBJECT_CONVERSION = YES_AGGRESSIVE;
				CLANG_CXX_LANGUAGE_STANDARD = "gnu++20";
				CLANG_ENABLE_MODULES = YES;
				CLANG_ENABLE_OBJC_ARC = YES;
				CLANG_ENABLE_OBJC_WEAK = YES;
				CLANG_WARN_BLOCK_CAPTURE_AUTORELEASING = YES;
				CLANG_WARN_BOOL_CONVERSION = YES;
				CLANG_WARN_COMMA = YES;
				CLANG_WARN_CONSTANT_CONVERSION = YES;
				CLANG_WARN_DEPRECATED_OBJC_IMPLEMENTATIONS = YES;
				CLANG_WARN_DIRECT_OBJC_ISA_USAGE = YES_ERROR;
				CLANG_WARN_DOCUMENTATION_COMMENTS = YES;
				CLANG_WARN_EMPTY_BODY = YES;
				CLANG_WARN_ENUM_CONVERSION = YES;
				CLANG_WARN_INFINITE_RECURSION = YES;
				CLANG_WARN_INT_CONVERSION = YES;
				CLANG_WARN_NON_LITERAL_NULL_CONVERSION = YES;
				CLANG_WARN_OBJC_IMPLICIT_RETAIN_SELF = YES;
				CLANG_WARN_OBJC_LITERAL_CONVERSION = YES;
				CLANG_WARN_OBJC_ROOT_CLASS = YES_ERROR;
				CLANG_WARN_QUOTED_INCLUDE_IN_FRAMEWORK_HEADER = YES;
				CLANG_WARN_RANGE_LOOP_ANALYSIS = YES;
				CLANG_WARN_STRICT_PROTOTYPES = YES;
				CLANG_WARN_SUSPICIOUS_MOVE = YES;
				CLANG_WARN_UNGUARDED_AVAILABILITY = YES_AGGRESSIVE;
				CLANG_WARN_UNREACHABLE_CODE = YES;
				CLANG_WARN__DUPLICATE_METHOD_MATCH = YES;
				COPY_PHASE_STRIP = NO;
				DEBUG_INFORMATION_FORMAT = "dwarf-with-dsym";
				ENABLE_NS_ASSERTIONS = NO;
				ENABLE_STRICT_OBJC_MSGSEND = YES;
				ENABLE_USER_SCRIPT_SANDBOXING = YES;
				GCC_C_LANGUAGE_STANDARD = gnu17;
				GCC_NO_COMMON_BLOCKS = YES;
				GCC_WARN_64_TO_32_BIT_CONVERSION = YES;
				GCC_WARN_ABOUT_RETURN_TYPE = YES_ERROR;
				GCC_WARN_UNDECLARED_SELECTOR = YES;
				GCC_WARN_UNINITIALIZED_AUTOS = YES_AGGRESSIVE;
				GCC_WARN_UNUSED_FUNCTION = YES;
				GCC_WARN_UNUSED_VARIABLE = YES;
				IPHONEOS_DEPLOYMENT_TARGET = 18.4;
				LOCALIZATION_PREFERS_STRING_CATALOGS = YES;
				MTL_ENABLE_DEBUG_INFO = NO;
				MTL_FAST_MATH = YES;
				SDKROOT = iphoneos;
				SWIFT_COMPILATION_MODE = wholemodule;
				VALIDATE_PRODUCT = YES;
			};
			name = Release;
		};
		133BABDF2DA071CB007EB1DD /* Debug */ = {
			isa = XCBuildConfiguration;
			buildSettings = {
				ASSETCATALOG_COMPILER_APPICON_NAME = AppIcon;
				ASSETCATALOG_COMPILER_GLOBAL_ACCENT_COLOR_NAME = AccentColor;
				CODE_SIGN_STYLE = Automatic;
				CURRENT_PROJECT_VERSION = 1;
				ENABLE_PREVIEWS = YES;
				GENERATE_INFOPLIST_FILE = YES;
				INFOPLIST_KEY_UIApplicationSceneManifest_Generation = YES;
				INFOPLIST_KEY_UIApplicationSupportsIndirectInputEvents = YES;
				INFOPLIST_KEY_UILaunchScreen_Generation = YES;
				INFOPLIST_KEY_UISupportedInterfaceOrientations_iPad = "UIInterfaceOrientationPortrait UIInterfaceOrientationPortraitUpsideDown UIInterfaceOrientationLandscapeLeft UIInterfaceOrientationLandscapeRight";
				INFOPLIST_KEY_UISupportedInterfaceOrientations_iPhone = "UIInterfaceOrientationPortrait UIInterfaceOrientationLandscapeLeft UIInterfaceOrientationLandscapeRight";
				LD_RUNPATH_SEARCH_PATHS = (
					"$(inherited)",
					"@executable_path/Frameworks",
				);
				MARKETING_VERSION = 1.0;
				PRODUCT_BUNDLE_IDENTIFIER = com.sibi.CalendarAssistant.CalendarAssistant;
				PRODUCT_NAME = "$(TARGET_NAME)";
				SWIFT_EMIT_LOC_STRINGS = YES;
				SWIFT_VERSION = 5.0;
				TARGETED_DEVICE_FAMILY = "1,2";
			};
			name = Debug;
		};
		133BABE02DA071CB007EB1DD /* Release */ = {
			isa = XCBuildConfiguration;
			buildSettings = {
				ASSETCATALOG_COMPILER_APPICON_NAME = AppIcon;
				ASSETCATALOG_COMPILER_GLOBAL_ACCENT_COLOR_NAME = AccentColor;
				CODE_SIGN_STYLE = Automatic;
				CURRENT_PROJECT_VERSION = 1;
				ENABLE_PREVIEWS = YES;
				GENERATE_INFOPLIST_FILE = YES;
				INFOPLIST_KEY_UIApplicationSceneManifest_Generation = YES;
				INFOPLIST_KEY_UIApplicationSupportsIndirectInputEvents = YES;
				INFOPLIST_KEY_UILaunchScreen_Generation = YES;
				INFOPLIST_KEY_UISupportedInterfaceOrientations_iPad = "UIInterfaceOrientationPortrait UIInterfaceOrientationPortraitUpsideDown UIInterfaceOrientationLandscapeLeft UIInterfaceOrientationLandscapeRight";
				INFOPLIST_KEY_UISupportedInterfaceOrientations_iPhone = "UIInterfaceOrientationPortrait UIInterfaceOrientationLandscapeLeft UIInterfaceOrientationLandscapeRight";
				LD_RUNPATH_SEARCH_PATHS = (
					"$(inherited)",
					"@executable_path/Frameworks",
				);
				MARKETING_VERSION = 1.0;
				PRODUCT_BUNDLE_IDENTIFIER = com.sibi.CalendarAssistant.CalendarAssistant;
				PRODUCT_NAME = "$(TARGET_NAME)";
				SWIFT_EMIT_LOC_STRINGS = YES;
				SWIFT_VERSION = 5.0;
				TARGETED_DEVICE_FAMILY = "1,2";
			};
			name = Release;
		};
		133BABE22DA071CB007EB1DD /* Debug */ = {
			isa = XCBuildConfiguration;
			buildSettings = {
				BUNDLE_LOADER = "$(TEST_HOST)";
				CODE_SIGN_STYLE = Automatic;
				CURRENT_PROJECT_VERSION = 1;
				GENERATE_INFOPLIST_FILE = YES;
				IPHONEOS_DEPLOYMENT_TARGET = 18.4;
				MARKETING_VERSION = 1.0;
				PRODUCT_BUNDLE_IDENTIFIER = com.sibi.CalendarAssistant.CalendarAssistantTests;
				PRODUCT_NAME = "$(TARGET_NAME)";
				SWIFT_EMIT_LOC_STRINGS = NO;
				SWIFT_VERSION = 5.0;
				TARGETED_DEVICE_FAMILY = "1,2";
				TEST_HOST = "$(BUILT_PRODUCTS_DIR)/CalendarAssistant.app/$(BUNDLE_EXECUTABLE_FOLDER_PATH)/CalendarAssistant";
			};
			name = Debug;
		};
		133BABE32DA071CB007EB1DD /* Release */ = {
			isa = XCBuildConfiguration;
			buildSettings = {
				BUNDLE_LOADER = "$(TEST_HOST)";
				CODE_SIGN_STYLE = Automatic;
				CURRENT_PROJECT_VERSION = 1;
				GENERATE_INFOPLIST_FILE = YES;
				IPHONEOS_DEPLOYMENT_TARGET = 18.4;
				MARKETING_VERSION = 1.0;
				PRODUCT_BUNDLE_IDENTIFIER = com.sibi.CalendarAssistant.CalendarAssistantTests;
				PRODUCT_NAME = "$(TARGET_NAME)";
				SWIFT_EMIT_LOC_STRINGS = NO;
				SWIFT_VERSION = 5.0;
				TARGETED_DEVICE_FAMILY = "1,2";
				TEST_HOST = "$(BUILT_PRODUCTS_DIR)/CalendarAssistant.app/$(BUNDLE_EXECUTABLE_FOLDER_PATH)/CalendarAssistant";
			};
			name = Release;
		};
		133BABE52DA071CB007EB1DD /* Debug */ = {
			isa = XCBuildConfiguration;
			buildSettings = {
				CODE_SIGN_STYLE = Automatic;
				CURRENT_PROJECT_VERSION = 1;
				GENERATE_INFOPLIST_FILE = YES;
				MARKETING_VERSION = 1.0;
				PRODUCT_BUNDLE_IDENTIFIER = com.sibi.CalendarAssistant.CalendarAssistantUITests;
				PRODUCT_NAME = "$(TARGET_NAME)";
				SWIFT_EMIT_LOC_STRINGS = NO;
				SWIFT_VERSION = 5.0;
				TARGETED_DEVICE_FAMILY = "1,2";
				TEST_TARGET_NAME = CalendarAssistant;
			};
			name = Debug;
		};
		133BABE62DA071CB007EB1DD /* Release */ = {
			isa = XCBuildConfiguration;
			buildSettings = {
				CODE_SIGN_STYLE = Automatic;
				CURRENT_PROJECT_VERSION = 1;
				GENERATE_INFOPLIST_FILE = YES;
				MARKETING_VERSION = 1.0;
				PRODUCT_BUNDLE_IDENTIFIER = com.sibi.CalendarAssistant.CalendarAssistantUITests;
				PRODUCT_NAME = "$(TARGET_NAME)";
				SWIFT_EMIT_LOC_STRINGS = NO;
				SWIFT_VERSION = 5.0;
				TARGETED_DEVICE_FAMILY = "1,2";
				TEST_TARGET_NAME = CalendarAssistant;
			};
			name = Release;
		};
/* End XCBuildConfiguration section */

/* Begin XCConfigurationList section */
		133BABB82DA071C9007EB1DD /* Build configuration list for PBXProject "CalendarAssistant" */ = {
			isa = XCConfigurationList;
			buildConfigurations = (
				133BABDC2DA071CB007EB1DD /* Debug */,
				133BABDD2DA071CB007EB1DD /* Release */,
			);
			defaultConfigurationIsVisible = 0;
			defaultConfigurationName = Release;
		};
		133BABDE2DA071CB007EB1DD /* Build configuration list for PBXNativeTarget "CalendarAssistant" */ = {
			isa = XCConfigurationList;
			buildConfigurations = (
				133BABDF2DA071CB007EB1DD /* Debug */,
				133BABE02DA071CB007EB1DD /* Release */,
			);
			defaultConfigurationIsVisible = 0;
			defaultConfigurationName = Release;
		};
		133BABE12DA071CB007EB1DD /* Build configuration list for PBXNativeTarget "CalendarAssistantTests" */ = {
			isa = XCConfigurationList;
			buildConfigurations = (
				133BABE22DA071CB007EB1DD /* Debug */,
				133BABE32DA071CB007EB1DD /* Release */,
			);
			defaultConfigurationIsVisible = 0;
			defaultConfigurationName = Release;
		};
		133BABE42DA071CB007EB1DD /* Build configuration list for PBXNativeTarget "CalendarAssistantUITests" */ = {
			isa = XCConfigurationList;
			buildConfigurations = (
				133BABE52DA071CB007EB1DD /* Debug */,
				133BABE62DA071CB007EB1DD /* Release */,
			);
			defaultConfigurationIsVisible = 0;
			defaultConfigurationName = Release;
		};
/* End XCConfigurationList section */
	};
	rootObject = 133BABB52DA071C9007EB1DD /* Project object */;
}
